// !$*UTF8*$!
{
	archiveVersion = 1;
	classes = {
	};
	objectVersion = 56;
	objects = {

/* Begin PBXBuildFile section */
		98C7F61E29BBC908005273D2 /* fetchdemoApp.swift in Sources */ = {isa = PBXBuildFile; fileRef = 98C7F61D29BBC908005273D2 /* fetchdemoApp.swift */; };
		98C7F62229BBC90E005273D2 /* Assets.xcassets in Resources */ = {isa = PBXBuildFile; fileRef = 98C7F62129BBC90E005273D2 /* Assets.xcassets */; };
		98C7F62529BBC90E005273D2 /* Preview Assets.xcassets in Resources */ = {isa = PBXBuildFile; fileRef = 98C7F62429BBC90E005273D2 /* Preview Assets.xcassets */; };
		98C7F62F29BBC90E005273D2 /* fetchdemoTests.swift in Sources */ = {isa = PBXBuildFile; fileRef = 98C7F62E29BBC90E005273D2 /* fetchdemoTests.swift */; };
		98C7F63929BBC90E005273D2 /* fetchdemoUITests.swift in Sources */ = {isa = PBXBuildFile; fileRef = 98C7F63829BBC90E005273D2 /* fetchdemoUITests.swift */; };
		98C7F63B29BBC90E005273D2 /* fetchdemoUITestsLaunchTests.swift in Sources */ = {isa = PBXBuildFile; fileRef = 98C7F63A29BBC90E005273D2 /* fetchdemoUITestsLaunchTests.swift */; };
		98C7F64829BBC95B005273D2 /* FetchFeeds.swift in Sources */ = {isa = PBXBuildFile; fileRef = 98C7F64729BBC95B005273D2 /* FetchFeeds.swift */; };
		98C7F64A29BBC9D9005273D2 /* DessertsLists.swift in Sources */ = {isa = PBXBuildFile; fileRef = 98C7F64929BBC9D9005273D2 /* DessertsLists.swift */; };
		98C7F64C29BBDFFB005273D2 /* APIConstansts.swift in Sources */ = {isa = PBXBuildFile; fileRef = 98C7F64B29BBDFFB005273D2 /* APIConstansts.swift */; };
		98C7F64E29BBE469005273D2 /* FetchViewModel.swift in Sources */ = {isa = PBXBuildFile; fileRef = 98C7F64D29BBE469005273D2 /* FetchViewModel.swift */; };
		98C7F65029BC3606005273D2 /* MealTableListItem.swift in Sources */ = {isa = PBXBuildFile; fileRef = 98C7F64F29BC3606005273D2 /* MealTableListItem.swift */; };
		98C7F65229BC3A33005273D2 /* HomePage.swift in Sources */ = {isa = PBXBuildFile; fileRef = 98C7F65129BC3A33005273D2 /* HomePage.swift */; };
		98C7F65429BC3B53005273D2 /* DetailsPage.swift in Sources */ = {isa = PBXBuildFile; fileRef = 98C7F65329BC3B53005273D2 /* DetailsPage.swift */; };
		98C7F65629BD0F00005273D2 /* RecipeMeals.swift in Sources */ = {isa = PBXBuildFile; fileRef = 98C7F65529BD0F00005273D2 /* RecipeMeals.swift */; };
		98C7F65A29BE4085005273D2 /* ImageCache.swift in Sources */ = {isa = PBXBuildFile; fileRef = 98C7F65929BE4085005273D2 /* ImageCache.swift */; };
		98C7F66829C225CB005273D2 /* URLComposer.swift in Sources */ = {isa = PBXBuildFile; fileRef = 98C7F66729C225CB005273D2 /* URLComposer.swift */; };
		98C7F66A29C3A5B6005273D2 /* Ingredient.swift in Sources */ = {isa = PBXBuildFile; fileRef = 98C7F66929C3A5B6005273D2 /* Ingredient.swift */; };
		98C7F66C29C3AF31005273D2 /* RecipeMealsDetailResponse.swift in Sources */ = {isa = PBXBuildFile; fileRef = 98C7F66B29C3AF31005273D2 /* RecipeMealsDetailResponse.swift */; };
		98C7F66E29C3FF77005273D2 /* DessertListsModelResponse.swift in Sources */ = {isa = PBXBuildFile; fileRef = 98C7F66D29C3FF77005273D2 /* DessertListsModelResponse.swift */; };
/* End PBXBuildFile section */

/* Begin PBXContainerItemProxy section */
		98C7F62B29BBC90E005273D2 /* PBXContainerItemProxy */ = {
			isa = PBXContainerItemProxy;
			containerPortal = 98C7F61229BBC908005273D2 /* Project object */;
			proxyType = 1;
			remoteGlobalIDString = 98C7F61929BBC908005273D2;
			remoteInfo = fetchdemo;
		};
		98C7F63529BBC90E005273D2 /* PBXContainerItemProxy */ = {
			isa = PBXContainerItemProxy;
			containerPortal = 98C7F61229BBC908005273D2 /* Project object */;
			proxyType = 1;
			remoteGlobalIDString = 98C7F61929BBC908005273D2;
			remoteInfo = fetchdemo;
		};
/* End PBXContainerItemProxy section */

/* Begin PBXFileReference section */
		98C7F61A29BBC908005273D2 /* fetchdemo.app */ = {isa = PBXFileReference; explicitFileType = wrapper.application; includeInIndex = 0; path = fetchdemo.app; sourceTree = BUILT_PRODUCTS_DIR; };
		98C7F61D29BBC908005273D2 /* fetchdemoApp.swift */ = {isa = PBXFileReference; lastKnownFileType = sourcecode.swift; path = fetchdemoApp.swift; sourceTree = "<group>"; };
		98C7F62129BBC90E005273D2 /* Assets.xcassets */ = {isa = PBXFileReference; lastKnownFileType = folder.assetcatalog; path = Assets.xcassets; sourceTree = "<group>"; };
		98C7F62429BBC90E005273D2 /* Preview Assets.xcassets */ = {isa = PBXFileReference; lastKnownFileType = folder.assetcatalog; path = "Preview Assets.xcassets"; sourceTree = "<group>"; };
		98C7F62A29BBC90E005273D2 /* fetchdemoTests.xctest */ = {isa = PBXFileReference; explicitFileType = wrapper.cfbundle; includeInIndex = 0; path = fetchdemoTests.xctest; sourceTree = BUILT_PRODUCTS_DIR; };
		98C7F62E29BBC90E005273D2 /* fetchdemoTests.swift */ = {isa = PBXFileReference; lastKnownFileType = sourcecode.swift; path = fetchdemoTests.swift; sourceTree = "<group>"; };
		98C7F63429BBC90E005273D2 /* fetchdemoUITests.xctest */ = {isa = PBXFileReference; explicitFileType = wrapper.cfbundle; includeInIndex = 0; path = fetchdemoUITests.xctest; sourceTree = BUILT_PRODUCTS_DIR; };
		98C7F63829BBC90E005273D2 /* fetchdemoUITests.swift */ = {isa = PBXFileReference; lastKnownFileType = sourcecode.swift; path = fetchdemoUITests.swift; sourceTree = "<group>"; };
		98C7F63A29BBC90E005273D2 /* fetchdemoUITestsLaunchTests.swift */ = {isa = PBXFileReference; lastKnownFileType = sourcecode.swift; path = fetchdemoUITestsLaunchTests.swift; sourceTree = "<group>"; };
		98C7F64729BBC95B005273D2 /* FetchFeeds.swift */ = {isa = PBXFileReference; lastKnownFileType = sourcecode.swift; path = FetchFeeds.swift; sourceTree = "<group>"; };
		98C7F64929BBC9D9005273D2 /* DessertsLists.swift */ = {isa = PBXFileReference; lastKnownFileType = sourcecode.swift; path = DessertsLists.swift; sourceTree = "<group>"; };
		98C7F64B29BBDFFB005273D2 /* APIConstansts.swift */ = {isa = PBXFileReference; lastKnownFileType = sourcecode.swift; path = APIConstansts.swift; sourceTree = "<group>"; };
		98C7F64D29BBE469005273D2 /* FetchViewModel.swift */ = {isa = PBXFileReference; lastKnownFileType = sourcecode.swift; path = FetchViewModel.swift; sourceTree = "<group>"; };
		98C7F64F29BC3606005273D2 /* MealTableListItem.swift */ = {isa = PBXFileReference; lastKnownFileType = sourcecode.swift; path = MealTableListItem.swift; sourceTree = "<group>"; };
		98C7F65129BC3A33005273D2 /* HomePage.swift */ = {isa = PBXFileReference; lastKnownFileType = sourcecode.swift; path = HomePage.swift; sourceTree = "<group>"; };
		98C7F65329BC3B53005273D2 /* DetailsPage.swift */ = {isa = PBXFileReference; lastKnownFileType = sourcecode.swift; path = DetailsPage.swift; sourceTree = "<group>"; };
		98C7F65529BD0F00005273D2 /* RecipeMeals.swift */ = {isa = PBXFileReference; lastKnownFileType = sourcecode.swift; path = RecipeMeals.swift; sourceTree = "<group>"; };
		98C7F65929BE4085005273D2 /* ImageCache.swift */ = {isa = PBXFileReference; lastKnownFileType = sourcecode.swift; path = ImageCache.swift; sourceTree = "<group>"; };
		98C7F66729C225CB005273D2 /* URLComposer.swift */ = {isa = PBXFileReference; lastKnownFileType = sourcecode.swift; path = URLComposer.swift; sourceTree = "<group>"; };
		98C7F66929C3A5B6005273D2 /* Ingredient.swift */ = {isa = PBXFileReference; lastKnownFileType = sourcecode.swift; path = Ingredient.swift; sourceTree = "<group>"; };
		98C7F66B29C3AF31005273D2 /* RecipeMealsDetailResponse.swift */ = {isa = PBXFileReference; lastKnownFileType = sourcecode.swift; path = RecipeMealsDetailResponse.swift; sourceTree = "<group>"; };
		98C7F66D29C3FF77005273D2 /* DessertListsModelResponse.swift */ = {isa = PBXFileReference; lastKnownFileType = sourcecode.swift; path = DessertListsModelResponse.swift; sourceTree = "<group>"; };
/* End PBXFileReference section */

/* Begin PBXFrameworksBuildPhase section */
		98C7F61729BBC908005273D2 /* Frameworks */ = {
			isa = PBXFrameworksBuildPhase;
			buildActionMask = 2147483647;
			files = (
			);
			runOnlyForDeploymentPostprocessing = 0;
		};
		98C7F62729BBC90E005273D2 /* Frameworks */ = {
			isa = PBXFrameworksBuildPhase;
			buildActionMask = 2147483647;
			files = (
			);
			runOnlyForDeploymentPostprocessing = 0;
		};
		98C7F63129BBC90E005273D2 /* Frameworks */ = {
			isa = PBXFrameworksBuildPhase;
			buildActionMask = 2147483647;
			files = (
			);
			runOnlyForDeploymentPostprocessing = 0;
		};
/* End PBXFrameworksBuildPhase section */

/* Begin PBXGroup section */
		98C7F61129BBC908005273D2 = {
			isa = PBXGroup;
			children = (
				98C7F61C29BBC908005273D2 /* fetchdemo */,
				98C7F62D29BBC90E005273D2 /* fetchdemoTests */,
				98C7F63729BBC90E005273D2 /* fetchdemoUITests */,
				98C7F61B29BBC908005273D2 /* Products */,
			);
			sourceTree = "<group>";
		};
		98C7F61B29BBC908005273D2 /* Products */ = {
			isa = PBXGroup;
			children = (
				98C7F61A29BBC908005273D2 /* fetchdemo.app */,
				98C7F62A29BBC90E005273D2 /* fetchdemoTests.xctest */,
				98C7F63429BBC90E005273D2 /* fetchdemoUITests.xctest */,
			);
			name = Products;
			sourceTree = "<group>";
		};
		98C7F61C29BBC908005273D2 /* fetchdemo */ = {
			isa = PBXGroup;
			children = (
				98C7F61D29BBC908005273D2 /* fetchdemoApp.swift */,
				98C7F62129BBC90E005273D2 /* Assets.xcassets */,
				98C7F62329BBC90E005273D2 /* Preview Content */,
				98C7F66029BFA372005273D2 /* Networking */,
				98C7F66129BFA38D005273D2 /* Views */,
				98C7F65F29BFA362005273D2 /* Cache */,
				98C7F66429BFA3BF005273D2 /* ViewModel */,
				98C7F66629BFA3D9005273D2 /* Constants */,
				98C7F66529BFA3CC005273D2 /* Models */,
			);
			path = fetchdemo;
			sourceTree = "<group>";
		};
		98C7F62329BBC90E005273D2 /* Preview Content */ = {
			isa = PBXGroup;
			children = (
				98C7F62429BBC90E005273D2 /* Preview Assets.xcassets */,
			);
			path = "Preview Content";
			sourceTree = "<group>";
		};
		98C7F62D29BBC90E005273D2 /* fetchdemoTests */ = {
			isa = PBXGroup;
			children = (
				98C7F62E29BBC90E005273D2 /* fetchdemoTests.swift */,
			);
			path = fetchdemoTests;
			sourceTree = "<group>";
		};
		98C7F63729BBC90E005273D2 /* fetchdemoUITests */ = {
			isa = PBXGroup;
			children = (
				98C7F63829BBC90E005273D2 /* fetchdemoUITests.swift */,
				98C7F63A29BBC90E005273D2 /* fetchdemoUITestsLaunchTests.swift */,
			);
			path = fetchdemoUITests;
			sourceTree = "<group>";
		};
		98C7F65F29BFA362005273D2 /* Cache */ = {
			isa = PBXGroup;
			children = (
				98C7F65929BE4085005273D2 /* ImageCache.swift */,
			);
			path = Cache;
			sourceTree = "<group>";
		};
		98C7F66029BFA372005273D2 /* Networking */ = {
			isa = PBXGroup;
			children = (
				98C7F64729BBC95B005273D2 /* FetchFeeds.swift */,
			);
			path = Networking;
			sourceTree = "<group>";
		};
		98C7F66129BFA38D005273D2 /* Views */ = {
			isa = PBXGroup;
			children = (
				98C7F66229BFA399005273D2 /* Components */,
				98C7F66329BFA3A7005273D2 /* Pages */,
			);
			path = Views;
			sourceTree = "<group>";
		};
		98C7F66229BFA399005273D2 /* Components */ = {
			isa = PBXGroup;
			children = (
				98C7F64F29BC3606005273D2 /* MealTableListItem.swift */,
			);
			path = Components;
			sourceTree = "<group>";
		};
		98C7F66329BFA3A7005273D2 /* Pages */ = {
			isa = PBXGroup;
			children = (
				98C7F65129BC3A33005273D2 /* HomePage.swift */,
				98C7F65329BC3B53005273D2 /* DetailsPage.swift */,
			);
			path = Pages;
			sourceTree = "<group>";
		};
		98C7F66429BFA3BF005273D2 /* ViewModel */ = {
			isa = PBXGroup;
			children = (
				98C7F64D29BBE469005273D2 /* FetchViewModel.swift */,
			);
			path = ViewModel;
			sourceTree = "<group>";
		};
		98C7F66529BFA3CC005273D2 /* Models */ = {
			isa = PBXGroup;
			children = (
				98C7F64929BBC9D9005273D2 /* DessertsLists.swift */,
				98C7F66D29C3FF77005273D2 /* DessertListsModelResponse.swift */,
				98C7F65529BD0F00005273D2 /* RecipeMeals.swift */,
				98C7F66B29C3AF31005273D2 /* RecipeMealsDetailResponse.swift */,
				98C7F66929C3A5B6005273D2 /* Ingredient.swift */,
			);
			path = Models;
			sourceTree = "<group>";
		};
		98C7F66629BFA3D9005273D2 /* Constants */ = {
			isa = PBXGroup;
			children = (
				98C7F64B29BBDFFB005273D2 /* APIConstansts.swift */,
				98C7F66729C225CB005273D2 /* URLComposer.swift */,
			);
			path = Constants;
			sourceTree = "<group>";
		};
/* End PBXGroup section */

/* Begin PBXNativeTarget section */
		98C7F61929BBC908005273D2 /* fetchdemo */ = {
			isa = PBXNativeTarget;
			buildConfigurationList = 98C7F63E29BBC90E005273D2 /* Build configuration list for PBXNativeTarget "fetchdemo" */;
			buildPhases = (
				98C7F61629BBC908005273D2 /* Sources */,
				98C7F61729BBC908005273D2 /* Frameworks */,
				98C7F61829BBC908005273D2 /* Resources */,
			);
			buildRules = (
			);
			dependencies = (
			);
			name = fetchdemo;
			productName = fetchdemo;
			productReference = 98C7F61A29BBC908005273D2 /* fetchdemo.app */;
			productType = "com.apple.product-type.application";
		};
		98C7F62929BBC90E005273D2 /* fetchdemoTests */ = {
			isa = PBXNativeTarget;
			buildConfigurationList = 98C7F64129BBC90E005273D2 /* Build configuration list for PBXNativeTarget "fetchdemoTests" */;
			buildPhases = (
				98C7F62629BBC90E005273D2 /* Sources */,
				98C7F62729BBC90E005273D2 /* Frameworks */,
				98C7F62829BBC90E005273D2 /* Resources */,
			);
			buildRules = (
			);
			dependencies = (
				98C7F62C29BBC90E005273D2 /* PBXTargetDependency */,
			);
			name = fetchdemoTests;
			productName = fetchdemoTests;
			productReference = 98C7F62A29BBC90E005273D2 /* fetchdemoTests.xctest */;
			productType = "com.apple.product-type.bundle.unit-test";
		};
		98C7F63329BBC90E005273D2 /* fetchdemoUITests */ = {
			isa = PBXNativeTarget;
			buildConfigurationList = 98C7F64429BBC90E005273D2 /* Build configuration list for PBXNativeTarget "fetchdemoUITests" */;
			buildPhases = (
				98C7F63029BBC90E005273D2 /* Sources */,
				98C7F63129BBC90E005273D2 /* Frameworks */,
				98C7F63229BBC90E005273D2 /* Resources */,
			);
			buildRules = (
			);
			dependencies = (
				98C7F63629BBC90E005273D2 /* PBXTargetDependency */,
			);
			name = fetchdemoUITests;
			productName = fetchdemoUITests;
			productReference = 98C7F63429BBC90E005273D2 /* fetchdemoUITests.xctest */;
			productType = "com.apple.product-type.bundle.ui-testing";
		};
/* End PBXNativeTarget section */

/* Begin PBXProject section */
		98C7F61229BBC908005273D2 /* Project object */ = {
			isa = PBXProject;
			attributes = {
				BuildIndependentTargetsInParallel = 1;
				LastSwiftUpdateCheck = 1420;
				LastUpgradeCheck = 1420;
				TargetAttributes = {
					98C7F61929BBC908005273D2 = {
						CreatedOnToolsVersion = 14.2;
					};
					98C7F62929BBC90E005273D2 = {
						CreatedOnToolsVersion = 14.2;
						TestTargetID = 98C7F61929BBC908005273D2;
					};
					98C7F63329BBC90E005273D2 = {
						CreatedOnToolsVersion = 14.2;
						TestTargetID = 98C7F61929BBC908005273D2;
					};
				};
			};
			buildConfigurationList = 98C7F61529BBC908005273D2 /* Build configuration list for PBXProject "fetchdemo" */;
			compatibilityVersion = "Xcode 14.0";
			developmentRegion = en;
			hasScannedForEncodings = 0;
			knownRegions = (
				en,
				Base,
			);
			mainGroup = 98C7F61129BBC908005273D2;
			productRefGroup = 98C7F61B29BBC908005273D2 /* Products */;
			projectDirPath = "";
			projectRoot = "";
			targets = (
				98C7F61929BBC908005273D2 /* fetchdemo */,
				98C7F62929BBC90E005273D2 /* fetchdemoTests */,
				98C7F63329BBC90E005273D2 /* fetchdemoUITests */,
			);
		};
/* End PBXProject section */

/* Begin PBXResourcesBuildPhase section */
		98C7F61829BBC908005273D2 /* Resources */ = {
			isa = PBXResourcesBuildPhase;
			buildActionMask = 2147483647;
			files = (
				98C7F62529BBC90E005273D2 /* Preview Assets.xcassets in Resources */,
				98C7F62229BBC90E005273D2 /* Assets.xcassets in Resources */,
			);
			runOnlyForDeploymentPostprocessing = 0;
		};
		98C7F62829BBC90E005273D2 /* Resources */ = {
			isa = PBXResourcesBuildPhase;
			buildActionMask = 2147483647;
			files = (
			);
			runOnlyForDeploymentPostprocessing = 0;
		};
		98C7F63229BBC90E005273D2 /* Resources */ = {
			isa = PBXResourcesBuildPhase;
			buildActionMask = 2147483647;
			files = (
			);
			runOnlyForDeploymentPostprocessing = 0;
		};
/* End PBXResourcesBuildPhase section */

/* Begin PBXSourcesBuildPhase section */
		98C7F61629BBC908005273D2 /* Sources */ = {
			isa = PBXSourcesBuildPhase;
			buildActionMask = 2147483647;
			files = (
				98C7F65A29BE4085005273D2 /* ImageCache.swift in Sources */,
				98C7F64829BBC95B005273D2 /* FetchFeeds.swift in Sources */,
				98C7F66829C225CB005273D2 /* URLComposer.swift in Sources */,
				98C7F64E29BBE469005273D2 /* FetchViewModel.swift in Sources */,
				98C7F65429BC3B53005273D2 /* DetailsPage.swift in Sources */,
				98C7F64A29BBC9D9005273D2 /* DessertsLists.swift in Sources */,
				98C7F65629BD0F00005273D2 /* RecipeMeals.swift in Sources */,
				98C7F66C29C3AF31005273D2 /* RecipeMealsDetailResponse.swift in Sources */,
				98C7F65029BC3606005273D2 /* MealTableListItem.swift in Sources */,
				98C7F66A29C3A5B6005273D2 /* Ingredient.swift in Sources */,
				98C7F61E29BBC908005273D2 /* fetchdemoApp.swift in Sources */,
				98C7F64C29BBDFFB005273D2 /* APIConstansts.swift in Sources */,
				98C7F66E29C3FF77005273D2 /* DessertListsModelResponse.swift in Sources */,
				98C7F65229BC3A33005273D2 /* HomePage.swift in Sources */,
			);
			runOnlyForDeploymentPostprocessing = 0;
		};
		98C7F62629BBC90E005273D2 /* Sources */ = {
			isa = PBXSourcesBuildPhase;
			buildActionMask = 2147483647;
			files = (
				98C7F62F29BBC90E005273D2 /* fetchdemoTests.swift in Sources */,
			);
			runOnlyForDeploymentPostprocessing = 0;
		};
		98C7F63029BBC90E005273D2 /* Sources */ = {
			isa = PBXSourcesBuildPhase;
			buildActionMask = 2147483647;
			files = (
				98C7F63B29BBC90E005273D2 /* fetchdemoUITestsLaunchTests.swift in Sources */,
				98C7F63929BBC90E005273D2 /* fetchdemoUITests.swift in Sources */,
			);
			runOnlyForDeploymentPostprocessing = 0;
		};
/* End PBXSourcesBuildPhase section */

/* Begin PBXTargetDependency section */
		98C7F62C29BBC90E005273D2 /* PBXTargetDependency */ = {
			isa = PBXTargetDependency;
			target = 98C7F61929BBC908005273D2 /* fetchdemo */;
			targetProxy = 98C7F62B29BBC90E005273D2 /* PBXContainerItemProxy */;
		};
		98C7F63629BBC90E005273D2 /* PBXTargetDependency */ = {
			isa = PBXTargetDependency;
			target = 98C7F61929BBC908005273D2 /* fetchdemo */;
			targetProxy = 98C7F63529BBC90E005273D2 /* PBXContainerItemProxy */;
		};
/* End PBXTargetDependency section */

/* Begin XCBuildConfiguration section */
		98C7F63C29BBC90E005273D2 /* Debug */ = {
			isa = XCBuildConfiguration;
			buildSettings = {
				ALWAYS_SEARCH_USER_PATHS = NO;
				CLANG_ANALYZER_NONNULL = YES;
				CLANG_ANALYZER_NUMBER_OBJECT_CONVERSION = YES_AGGRESSIVE;
				CLANG_CXX_LANGUAGE_STANDARD = "gnu++20";
				CLANG_ENABLE_MODULES = YES;
				CLANG_ENABLE_OBJC_ARC = YES;
				CLANG_ENABLE_OBJC_WEAK = YES;
				CLANG_WARN_BLOCK_CAPTURE_AUTORELEASING = YES;
				CLANG_WARN_BOOL_CONVERSION = YES;
				CLANG_WARN_COMMA = YES;
				CLANG_WARN_CONSTANT_CONVERSION = YES;
				CLANG_WARN_DEPRECATED_OBJC_IMPLEMENTATIONS = YES;
				CLANG_WARN_DIRECT_OBJC_ISA_USAGE = YES_ERROR;
				CLANG_WARN_DOCUMENTATION_COMMENTS = YES;
				CLANG_WARN_EMPTY_BODY = YES;
				CLANG_WARN_ENUM_CONVERSION = YES;
				CLANG_WARN_INFINITE_RECURSION = YES;
				CLANG_WARN_INT_CONVERSION = YES;
				CLANG_WARN_NON_LITERAL_NULL_CONVERSION = YES;
				CLANG_WARN_OBJC_IMPLICIT_RETAIN_SELF = YES;
				CLANG_WARN_OBJC_LITERAL_CONVERSION = YES;
				CLANG_WARN_OBJC_ROOT_CLASS = YES_ERROR;
				CLANG_WARN_QUOTED_INCLUDE_IN_FRAMEWORK_HEADER = YES;
				CLANG_WARN_RANGE_LOOP_ANALYSIS = YES;
				CLANG_WARN_STRICT_PROTOTYPES = YES;
				CLANG_WARN_SUSPICIOUS_MOVE = YES;
				CLANG_WARN_UNGUARDED_AVAILABILITY = YES_AGGRESSIVE;
				CLANG_WARN_UNREACHABLE_CODE = YES;
				CLANG_WARN__DUPLICATE_METHOD_MATCH = YES;
				COPY_PHASE_STRIP = NO;
				DEBUG_INFORMATION_FORMAT = dwarf;
				ENABLE_STRICT_OBJC_MSGSEND = YES;
				ENABLE_TESTABILITY = YES;
				GCC_C_LANGUAGE_STANDARD = gnu11;
				GCC_DYNAMIC_NO_PIC = NO;
				GCC_NO_COMMON_BLOCKS = YES;
				GCC_OPTIMIZATION_LEVEL = 0;
				GCC_PREPROCESSOR_DEFINITIONS = (
					"DEBUG=1",
					"$(inherited)",
				);
				GCC_WARN_64_TO_32_BIT_CONVERSION = YES;
				GCC_WARN_ABOUT_RETURN_TYPE = YES_ERROR;
				GCC_WARN_UNDECLARED_SELECTOR = YES;
				GCC_WARN_UNINITIALIZED_AUTOS = YES_AGGRESSIVE;
				GCC_WARN_UNUSED_FUNCTION = YES;
				GCC_WARN_UNUSED_VARIABLE = YES;
				IPHONEOS_DEPLOYMENT_TARGET = 16.2;
				MTL_ENABLE_DEBUG_INFO = INCLUDE_SOURCE;
				MTL_FAST_MATH = YES;
				ONLY_ACTIVE_ARCH = YES;
				SDKROOT = iphoneos;
				SWIFT_ACTIVE_COMPILATION_CONDITIONS = DEBUG;
				SWIFT_OPTIMIZATION_LEVEL = "-Onone";
			};
			name = Debug;
		};
		98C7F63D29BBC90E005273D2 /* Release */ = {
			isa = XCBuildConfiguration;
			buildSettings = {
				ALWAYS_SEARCH_USER_PATHS = NO;
				CLANG_ANALYZER_NONNULL = YES;
				CLANG_ANALYZER_NUMBER_OBJECT_CONVERSION = YES_AGGRESSIVE;
				CLANG_CXX_LANGUAGE_STANDARD = "gnu++20";
				CLANG_ENABLE_MODULES = YES;
				CLANG_ENABLE_OBJC_ARC = YES;
				CLANG_ENABLE_OBJC_WEAK = YES;
				CLANG_WARN_BLOCK_CAPTURE_AUTORELEASING = YES;
				CLANG_WARN_BOOL_CONVERSION = YES;
				CLANG_WARN_COMMA = YES;
				CLANG_WARN_CONSTANT_CONVERSION = YES;
				CLANG_WARN_DEPRECATED_OBJC_IMPLEMENTATIONS = YES;
				CLANG_WARN_DIRECT_OBJC_ISA_USAGE = YES_ERROR;
				CLANG_WARN_DOCUMENTATION_COMMENTS = YES;
				CLANG_WARN_EMPTY_BODY = YES;
				CLANG_WARN_ENUM_CONVERSION = YES;
				CLANG_WARN_INFINITE_RECURSION = YES;
				CLANG_WARN_INT_CONVERSION = YES;
				CLANG_WARN_NON_LITERAL_NULL_CONVERSION = YES;
				CLANG_WARN_OBJC_IMPLICIT_RETAIN_SELF = YES;
				CLANG_WARN_OBJC_LITERAL_CONVERSION = YES;
				CLANG_WARN_OBJC_ROOT_CLASS = YES_ERROR;
				CLANG_WARN_QUOTED_INCLUDE_IN_FRAMEWORK_HEADER = YES;
				CLANG_WARN_RANGE_LOOP_ANALYSIS = YES;
				CLANG_WARN_STRICT_PROTOTYPES = YES;
				CLANG_WARN_SUSPICIOUS_MOVE = YES;
				CLANG_WARN_UNGUARDED_AVAILABILITY = YES_AGGRESSIVE;
				CLANG_WARN_UNREACHABLE_CODE = YES;
				CLANG_WARN__DUPLICATE_METHOD_MATCH = YES;
				COPY_PHASE_STRIP = NO;
				DEBUG_INFORMATION_FORMAT = "dwarf-with-dsym";
				ENABLE_NS_ASSERTIONS = NO;
				ENABLE_STRICT_OBJC_MSGSEND = YES;
				GCC_C_LANGUAGE_STANDARD = gnu11;
				GCC_NO_COMMON_BLOCKS = YES;
				GCC_WARN_64_TO_32_BIT_CONVERSION = YES;
				GCC_WARN_ABOUT_RETURN_TYPE = YES_ERROR;
				GCC_WARN_UNDECLARED_SELECTOR = YES;
				GCC_WARN_UNINITIALIZED_AUTOS = YES_AGGRESSIVE;
				GCC_WARN_UNUSED_FUNCTION = YES;
				GCC_WARN_UNUSED_VARIABLE = YES;
				IPHONEOS_DEPLOYMENT_TARGET = 16.2;
				MTL_ENABLE_DEBUG_INFO = NO;
				MTL_FAST_MATH = YES;
				SDKROOT = iphoneos;
				SWIFT_COMPILATION_MODE = wholemodule;
				SWIFT_OPTIMIZATION_LEVEL = "-O";
				VALIDATE_PRODUCT = YES;
			};
			name = Release;
		};
		98C7F63F29BBC90E005273D2 /* Debug */ = {
			isa = XCBuildConfiguration;
			buildSettings = {
				ASSETCATALOG_COMPILER_APPICON_NAME = AppIcon;
				ASSETCATALOG_COMPILER_GLOBAL_ACCENT_COLOR_NAME = AccentColor;
				CODE_SIGN_STYLE = Automatic;
				CURRENT_PROJECT_VERSION = 1;
				DEVELOPMENT_ASSET_PATHS = "\"fetchdemo/Preview Content\"";
				DEVELOPMENT_TEAM = 4M944BLQT7;
				ENABLE_PREVIEWS = YES;
				GENERATE_INFOPLIST_FILE = YES;
				INFOPLIST_KEY_UIApplicationSceneManifest_Generation = YES;
				INFOPLIST_KEY_UIApplicationSupportsIndirectInputEvents = YES;
				INFOPLIST_KEY_UILaunchScreen_Generation = YES;
				INFOPLIST_KEY_UISupportedInterfaceOrientations_iPad = "UIInterfaceOrientationPortrait UIInterfaceOrientationPortraitUpsideDown UIInterfaceOrientationLandscapeLeft UIInterfaceOrientationLandscapeRight";
				INFOPLIST_KEY_UISupportedInterfaceOrientations_iPhone = "UIInterfaceOrientationPortrait UIInterfaceOrientationLandscapeLeft UIInterfaceOrientationLandscapeRight";
				LD_RUNPATH_SEARCH_PATHS = (
					"$(inherited)",
					"@executable_path/Frameworks",
				);
				MARKETING_VERSION = 1.0;
				PRODUCT_BUNDLE_IDENTIFIER = com..fetchdemo;
				PRODUCT_NAME = "$(TARGET_NAME)";
				SWIFT_EMIT_LOC_STRINGS = YES;
				SWIFT_VERSION = 5.0;
				TARGETED_DEVICE_FAMILY = "1,2";
			};
			name = Debug;
		};
		98C7F64029BBC90E005273D2 /* Release */ = {
			isa = XCBuildConfiguration;
			buildSettings = {
				ASSETCATALOG_COMPILER_APPICON_NAME = AppIcon;
				ASSETCATALOG_COMPILER_GLOBAL_ACCENT_COLOR_NAME = AccentColor;
				CODE_SIGN_STYLE = Automatic;
				CURRENT_PROJECT_VERSION = 1;
				DEVELOPMENT_ASSET_PATHS = "\"fetchdemo/Preview Content\"";
				DEVELOPMENT_TEAM = 4M944BLQT7;
				ENABLE_PREVIEWS = YES;
				GENERATE_INFOPLIST_FILE = YES;
				INFOPLIST_KEY_UIApplicationSceneManifest_Generation = YES;
				INFOPLIST_KEY_UIApplicationSupportsIndirectInputEvents = YES;
				INFOPLIST_KEY_UILaunchScreen_Generation = YES;
				INFOPLIST_KEY_UISupportedInterfaceOrientations_iPad = "UIInterfaceOrientationPortrait UIInterfaceOrientationPortraitUpsideDown UIInterfaceOrientationLandscapeLeft UIInterfaceOrientationLandscapeRight";
				INFOPLIST_KEY_UISupportedInterfaceOrientations_iPhone = "UIInterfaceOrientationPortrait UIInterfaceOrientationLandscapeLeft UIInterfaceOrientationLandscapeRight";
				LD_RUNPATH_SEARCH_PATHS = (
					"$(inherited)",
					"@executable_path/Frameworks",
				);
				MARKETING_VERSION = 1.0;
				PRODUCT_BUNDLE_IDENTIFIER = com..fetchdemo;
				PRODUCT_NAME = "$(TARGET_NAME)";
				SWIFT_EMIT_LOC_STRINGS = YES;
				SWIFT_VERSION = 5.0;
				TARGETED_DEVICE_FAMILY = "1,2";
			};
			name = Release;
		};
		98C7F64229BBC90E005273D2 /* Debug */ = {
			isa = XCBuildConfiguration;
			buildSettings = {
				ALWAYS_EMBED_SWIFT_STANDARD_LIBRARIES = YES;
				BUNDLE_LOADER = "$(TEST_HOST)";
				CODE_SIGN_STYLE = Automatic;
				CURRENT_PROJECT_VERSION = 1;
				DEVELOPMENT_TEAM = 4M944BLQT7;
				GENERATE_INFOPLIST_FILE = YES;
				IPHONEOS_DEPLOYMENT_TARGET = 16.2;
				MARKETING_VERSION = 1.0;
				PRODUCT_BUNDLE_IDENTIFIER = com..fetchdemoTests;
				PRODUCT_NAME = "$(TARGET_NAME)";
				SWIFT_EMIT_LOC_STRINGS = NO;
				SWIFT_VERSION = 5.0;
				TARGETED_DEVICE_FAMILY = "1,2";
				TEST_HOST = "$(BUILT_PRODUCTS_DIR)/fetchdemo.app/$(BUNDLE_EXECUTABLE_FOLDER_PATH)/fetchdemo";
			};
			name = Debug;
		};
		98C7F64329BBC90E005273D2 /* Release */ = {
			isa = XCBuildConfiguration;
			buildSettings = {
				ALWAYS_EMBED_SWIFT_STANDARD_LIBRARIES = YES;
				BUNDLE_LOADER = "$(TEST_HOST)";
				CODE_SIGN_STYLE = Automatic;
				CURRENT_PROJECT_VERSION = 1;
				DEVELOPMENT_TEAM = 4M944BLQT7;
				GENERATE_INFOPLIST_FILE = YES;
				IPHONEOS_DEPLOYMENT_TARGET = 16.2;
				MARKETING_VERSION = 1.0;
				PRODUCT_BUNDLE_IDENTIFIER = com..fetchdemoTests;
				PRODUCT_NAME = "$(TARGET_NAME)";
				SWIFT_EMIT_LOC_STRINGS = NO;
				SWIFT_VERSION = 5.0;
				TARGETED_DEVICE_FAMILY = "1,2";
				TEST_HOST = "$(BUILT_PRODUCTS_DIR)/fetchdemo.app/$(BUNDLE_EXECUTABLE_FOLDER_PATH)/fetchdemo";
			};
			name = Release;
		};
		98C7F64529BBC90E005273D2 /* Debug */ = {
			isa = XCBuildConfiguration;
			buildSettings = {
				ALWAYS_EMBED_SWIFT_STANDARD_LIBRARIES = YES;
				CODE_SIGN_STYLE = Automatic;
				CURRENT_PROJECT_VERSION = 1;
				DEVELOPMENT_TEAM = 4M944BLQT7;
				GENERATE_INFOPLIST_FILE = YES;
				MARKETING_VERSION = 1.0;
				PRODUCT_BUNDLE_IDENTIFIER = com..fetchdemoUITests;
				PRODUCT_NAME = "$(TARGET_NAME)";
				SWIFT_EMIT_LOC_STRINGS = NO;
				SWIFT_VERSION = 5.0;
				TARGETED_DEVICE_FAMILY = "1,2";
				TEST_TARGET_NAME = fetchdemo;
			};
			name = Debug;
		};
		98C7F64629BBC90E005273D2 /* Release */ = {
			isa = XCBuildConfiguration;
			buildSettings = {
				ALWAYS_EMBED_SWIFT_STANDARD_LIBRARIES = YES;
				CODE_SIGN_STYLE = Automatic;
				CURRENT_PROJECT_VERSION = 1;
				DEVELOPMENT_TEAM = 4M944BLQT7;
				GENERATE_INFOPLIST_FILE = YES;
				MARKETING_VERSION = 1.0;
				PRODUCT_BUNDLE_IDENTIFIER = com..fetchdemoUITests;
				PRODUCT_NAME = "$(TARGET_NAME)";
				SWIFT_EMIT_LOC_STRINGS = NO;
				SWIFT_VERSION = 5.0;
				TARGETED_DEVICE_FAMILY = "1,2";
				TEST_TARGET_NAME = fetchdemo;
			};
			name = Release;
		};
/* End XCBuildConfiguration section */

/* Begin XCConfigurationList section */
		98C7F61529BBC908005273D2 /* Build configuration list for PBXProject "fetchdemo" */ = {
			isa = XCConfigurationList;
			buildConfigurations = (
				98C7F63C29BBC90E005273D2 /* Debug */,
				98C7F63D29BBC90E005273D2 /* Release */,
			);
			defaultConfigurationIsVisible = 0;
			defaultConfigurationName = Release;
		};
		98C7F63E29BBC90E005273D2 /* Build configuration list for PBXNativeTarget "fetchdemo" */ = {
			isa = XCConfigurationList;
			buildConfigurations = (
				98C7F63F29BBC90E005273D2 /* Debug */,
				98C7F64029BBC90E005273D2 /* Release */,
			);
			defaultConfigurationIsVisible = 0;
			defaultConfigurationName = Release;
		};
		98C7F64129BBC90E005273D2 /* Build configuration list for PBXNativeTarget "fetchdemoTests" */ = {
			isa = XCConfigurationList;
			buildConfigurations = (
				98C7F64229BBC90E005273D2 /* Debug */,
				98C7F64329BBC90E005273D2 /* Release */,
			);
			defaultConfigurationIsVisible = 0;
			defaultConfigurationName = Release;
		};
		98C7F64429BBC90E005273D2 /* Build configuration list for PBXNativeTarget "fetchdemoUITests" */ = {
			isa = XCConfigurationList;
			buildConfigurations = (
				98C7F64529BBC90E005273D2 /* Debug */,
				98C7F64629BBC90E005273D2 /* Release */,
			);
			defaultConfigurationIsVisible = 0;
			defaultConfigurationName = Release;
		};
/* End XCConfigurationList section */
	};
	rootObject = 98C7F61229BBC908005273D2 /* Project object */;
}
